
Microsoft Visual Studio Solution File, Format Version 12.00
# Visual Studio Version 17
VisualStudioVersion = 17.13.35818.85 d17.13
MinimumVisualStudioVersion = 10.0.40219.1
Project("{FAE04EC0-301F-11D3-BF4B-00C04F79EFBC}") = "tpmodul6_103022330105", "tpmodul6_103022330105\tpmodul6_103022330105.csproj", "{9B03AE98-8558-40BC-A709-6692EB5F25D1}"
EndProject
Global
	GlobalSection(SolutionConfigurationPlatforms) = preSolution
		Debug|Any CPU = Debug|Any CPU
		Release|Any CPU = Release|Any CPU
	EndGlobalSection
	GlobalSection(ProjectConfigurationPlatforms) = postSolution
		{9B03AE98-8558-40BC-A709-6692EB5F25D1}.Debug|Any CPU.ActiveCfg = Debug|Any CPU
		{9B03AE98-8558-40BC-A709-6692EB5F25D1}.Debug|Any CPU.Build.0 = Debug|Any CPU
		{9B03AE98-8558-40BC-A709-6692EB5F25D1}.Release|Any CPU.ActiveCfg = Release|Any CPU
		{9B03AE98-8558-40BC-A709-6692EB5F25D1}.Release|Any CPU.Build.0 = Release|Any CPU
	EndGlobalSection
	GlobalSection(SolutionProperties) = preSolution
		HideSolutionNode = FALSE
	EndGlobalSection
	GlobalSection(ExtensibilityGlobals) = postSolution
		SolutionGuid = {2BE66680-CB2D-4420-BC6E-D5846FCF3DB5}
	EndGlobalSection
EndGlobal
